
Microsoft Visual Studio Solution File, Format Version 12.00
Project("{FAE04EC0-301F-11D3-BF4B-00C04F79EFBC}") = "UniversityApi", "UniversityApi\UniversityApi.csproj", "{840C861C-2E8B-4DF1-B46A-E1ACBED6F395}"
EndProject
Global
	GlobalSection(SolutionConfigurationPlatforms) = preSolution
		Debug|Any CPU = Debug|Any CPU
		Release|Any CPU = Release|Any CPU
	EndGlobalSection
	GlobalSection(ProjectConfigurationPlatforms) = postSolution
		{840C861C-2E8B-4DF1-B46A-E1ACBED6F395}.Debug|Any CPU.ActiveCfg = Debug|Any CPU
		{840C861C-2E8B-4DF1-B46A-E1ACBED6F395}.Debug|Any CPU.Build.0 = Debug|Any CPU
		{840C861C-2E8B-4DF1-B46A-E1ACBED6F395}.Release|Any CPU.ActiveCfg = Release|Any CPU
		{840C861C-2E8B-4DF1-B46A-E1ACBED6F395}.Release|Any CPU.Build.0 = Release|Any CPU
	EndGlobalSection
EndGlobal
